
Microsoft Visual Studio Solution File, Format Version 12.00
# Visual Studio Version 16
VisualStudioVersion = 16.0.31729.503
MinimumVisualStudioVersion = 10.0.40219.1
Project("{FAE04EC0-301F-11D3-BF4B-00C04F79EFBC}") = "Final_Project", "Final_Project5\Final_Project.csproj", "{4CEC68ED-53EC-44C9-9734-23DF1948A3C6}"
EndProject
Global
	GlobalSection(SolutionConfigurationPlatforms) = preSolution
		Debug|Any CPU = Debug|Any CPU
		Release|Any CPU = Release|Any CPU
	EndGlobalSection
	GlobalSection(ProjectConfigurationPlatforms) = postSolution
		{4CEC68ED-53EC-44C9-9734-23DF1948A3C6}.Debug|Any CPU.ActiveCfg = Debug|Any CPU
		{4CEC68ED-53EC-44C9-9734-23DF1948A3C6}.Debug|Any CPU.Build.0 = Debug|Any CPU
		{4CEC68ED-53EC-44C9-9734-23DF1948A3C6}.Release|Any CPU.ActiveCfg = Release|Any CPU
		{4CEC68ED-53EC-44C9-9734-23DF1948A3C6}.Release|Any CPU.Build.0 = Release|Any CPU
	EndGlobalSection
	GlobalSection(SolutionProperties) = preSolution
		HideSolutionNode = FALSE
	EndGlobalSection
	GlobalSection(ExtensibilityGlobals) = postSolution
		SolutionGuid = {F01D13F7-FBC1-4FB9-BF62-6E1F2A09BC07}
	EndGlobalSection
EndGlobal
